{
  "nodes": {
    "nixpkgs": {
      "locked": {
        "lastModified": 1726673113,
        "narHash": "sha256-e+mO81D4MANgZdnox7blUQ2skFH0eKkvmcYRqzd1VSc=",
        "owner": "nixos",
        "repo": "nixpkgs",
        "rev": "7026cdf28c707fe0d2802d093c55d6c13df0d2cd",
        "type": "github"
      },
      "original": {
        "owner": "nixos",
        "repo": "nixpkgs",
        "type": "github"
      }
    },
    "root": {
      "inputs": {
        "nixpkgs": "nixpkgs"
      }
    }
  },
  "root": "root",
  "version": 7
}
